
Microsoft Visual Studio Solution File, Format Version 12.00
# Visual Studio Version 17
VisualStudioVersion = 17.10.34928.147
MinimumVisualStudioVersion = 10.0.40219.1
Project("{2150E333-8FDC-42A3-9474-1A3956D46DE8}") = "src", "src", "{560E0D73-C7A9-4E63-9DF2-0C9DC438BC33}"
EndProject
Project("{2150E333-8FDC-42A3-9474-1A3956D46DE8}") = "tests", "tests", "{E6777079-ED08-4CB7-8083-FF57A43F58DA}"
EndProject
Project("{FAE04EC0-301F-11D3-BF4B-00C04F79EFBC}") = "Domain", "Domain\Domain.csproj", "{F2FF4865-5AFB-4E65-8E9B-8EF6EBCF714E}"
EndProject
Project("{FAE04EC0-301F-11D3-BF4B-00C04F79EFBC}") = "Infrastructure", "Infrastructure\Infrastructure.csproj", "{B440D180-B16F-4096-A3C9-4EDD55D4DBA4}"
EndProject
Project("{FAE04EC0-301F-11D3-BF4B-00C04F79EFBC}") = "Application", "Application\Application.csproj", "{544F9162-DD12-4143-8C9A-523B901E829C}"
EndProject
Project("{FAE04EC0-301F-11D3-BF4B-00C04F79EFBC}") = "Web", "Web\Web.csproj", "{83CD32E0-6D15-4428-ADB9-B7EBA865895C}"
EndProject
Project("{FAE04EC0-301F-11D3-BF4B-00C04F79EFBC}") = "Solution.ArchitectureTest", "Solution.ArchitectureTest\Solution.ArchitectureTest.csproj", "{E2816D9F-C94A-4875-A71B-F4275BF070F4}"
EndProject
Global
	GlobalSection(SolutionConfigurationPlatforms) = preSolution
		Debug|Any CPU = Debug|Any CPU
		Release|Any CPU = Release|Any CPU
	EndGlobalSection
	GlobalSection(ProjectConfigurationPlatforms) = postSolution
		{F2FF4865-5AFB-4E65-8E9B-8EF6EBCF714E}.Debug|Any CPU.ActiveCfg = Debug|Any CPU
		{F2FF4865-5AFB-4E65-8E9B-8EF6EBCF714E}.Debug|Any CPU.Build.0 = Debug|Any CPU
		{F2FF4865-5AFB-4E65-8E9B-8EF6EBCF714E}.Release|Any CPU.ActiveCfg = Release|Any CPU
		{F2FF4865-5AFB-4E65-8E9B-8EF6EBCF714E}.Release|Any CPU.Build.0 = Release|Any CPU
		{B440D180-B16F-4096-A3C9-4EDD55D4DBA4}.Debug|Any CPU.ActiveCfg = Debug|Any CPU
		{B440D180-B16F-4096-A3C9-4EDD55D4DBA4}.Debug|Any CPU.Build.0 = Debug|Any CPU
		{B440D180-B16F-4096-A3C9-4EDD55D4DBA4}.Release|Any CPU.ActiveCfg = Release|Any CPU
		{B440D180-B16F-4096-A3C9-4EDD55D4DBA4}.Release|Any CPU.Build.0 = Release|Any CPU
		{544F9162-DD12-4143-8C9A-523B901E829C}.Debug|Any CPU.ActiveCfg = Debug|Any CPU
		{544F9162-DD12-4143-8C9A-523B901E829C}.Debug|Any CPU.Build.0 = Debug|Any CPU
		{544F9162-DD12-4143-8C9A-523B901E829C}.Release|Any CPU.ActiveCfg = Release|Any CPU
		{544F9162-DD12-4143-8C9A-523B901E829C}.Release|Any CPU.Build.0 = Release|Any CPU
		{83CD32E0-6D15-4428-ADB9-B7EBA865895C}.Debug|Any CPU.ActiveCfg = Debug|Any CPU
		{83CD32E0-6D15-4428-ADB9-B7EBA865895C}.Debug|Any CPU.Build.0 = Debug|Any CPU
		{83CD32E0-6D15-4428-ADB9-B7EBA865895C}.Release|Any CPU.ActiveCfg = Release|Any CPU
		{83CD32E0-6D15-4428-ADB9-B7EBA865895C}.Release|Any CPU.Build.0 = Release|Any CPU
		{E2816D9F-C94A-4875-A71B-F4275BF070F4}.Debug|Any CPU.ActiveCfg = Debug|Any CPU
		{E2816D9F-C94A-4875-A71B-F4275BF070F4}.Debug|Any CPU.Build.0 = Debug|Any CPU
		{E2816D9F-C94A-4875-A71B-F4275BF070F4}.Release|Any CPU.ActiveCfg = Release|Any CPU
		{E2816D9F-C94A-4875-A71B-F4275BF070F4}.Release|Any CPU.Build.0 = Release|Any CPU
	EndGlobalSection
	GlobalSection(SolutionProperties) = preSolution
		HideSolutionNode = FALSE
	EndGlobalSection
	GlobalSection(NestedProjects) = preSolution
		{F2FF4865-5AFB-4E65-8E9B-8EF6EBCF714E} = {560E0D73-C7A9-4E63-9DF2-0C9DC438BC33}
		{B440D180-B16F-4096-A3C9-4EDD55D4DBA4} = {560E0D73-C7A9-4E63-9DF2-0C9DC438BC33}
		{544F9162-DD12-4143-8C9A-523B901E829C} = {560E0D73-C7A9-4E63-9DF2-0C9DC438BC33}
		{83CD32E0-6D15-4428-ADB9-B7EBA865895C} = {560E0D73-C7A9-4E63-9DF2-0C9DC438BC33}
		{E2816D9F-C94A-4875-A71B-F4275BF070F4} = {E6777079-ED08-4CB7-8083-FF57A43F58DA}
	EndGlobalSection
	GlobalSection(ExtensibilityGlobals) = postSolution
		SolutionGuid = {16085234-790B-449F-AD0F-F03381D0E211}
	EndGlobalSection
EndGlobal
